
Microsoft Visual Studio Solution File, Format Version 12.00
# Visual Studio Version 17
VisualStudioVersion = 17.2.32602.215
MinimumVisualStudioVersion = 10.0.40219.1
Project("{FAE04EC0-301F-11D3-BF4B-00C04F79EFBC}") = "SampleControllers", "SampleControllers\SampleControllers.csproj", "{327410EA-594A-4F35-B188-24678FC91F98}"
EndProject
Global
	GlobalSection(SolutionConfigurationPlatforms) = preSolution
		Debug|Any CPU = Debug|Any CPU
		Release|Any CPU = Release|Any CPU
	EndGlobalSection
	GlobalSection(ProjectConfigurationPlatforms) = postSolution
		{327410EA-594A-4F35-B188-24678FC91F98}.Debug|Any CPU.ActiveCfg = Debug|Any CPU
		{327410EA-594A-4F35-B188-24678FC91F98}.Debug|Any CPU.Build.0 = Debug|Any CPU
		{327410EA-594A-4F35-B188-24678FC91F98}.Release|Any CPU.ActiveCfg = Release|Any CPU
		{327410EA-594A-4F35-B188-24678FC91F98}.Release|Any CPU.Build.0 = Release|Any CPU
	EndGlobalSection
	GlobalSection(SolutionProperties) = preSolution
		HideSolutionNode = FALSE
	EndGlobalSection
	GlobalSection(ExtensibilityGlobals) = postSolution
		SolutionGuid = {E5426A8A-535B-4104-A80F-1C116D5CF1BE}
	EndGlobalSection
EndGlobal
